
Microsoft Visual Studio Solution File, Format Version 12.00
# Visual Studio Version 16
VisualStudioVersion = 16.0.31005.135
MinimumVisualStudioVersion = 10.0.40219.1
Project("{FAE04EC0-301F-11D3-BF4B-00C04F79EFBC}") = "SurveyCapstone", "SurveyCapstone\SurveyCapstone.csproj", "{A00E32B3-44F3-4A70-9C45-2624D08F40EA}"
EndProject
Global
	GlobalSection(SolutionConfigurationPlatforms) = preSolution
		Debug|Any CPU = Debug|Any CPU
		Release|Any CPU = Release|Any CPU
	EndGlobalSection
	GlobalSection(ProjectConfigurationPlatforms) = postSolution
		{A00E32B3-44F3-4A70-9C45-2624D08F40EA}.Debug|Any CPU.ActiveCfg = Debug|Any CPU
		{A00E32B3-44F3-4A70-9C45-2624D08F40EA}.Debug|Any CPU.Build.0 = Debug|Any CPU
		{A00E32B3-44F3-4A70-9C45-2624D08F40EA}.Release|Any CPU.ActiveCfg = Release|Any CPU
		{A00E32B3-44F3-4A70-9C45-2624D08F40EA}.Release|Any CPU.Build.0 = Release|Any CPU
	EndGlobalSection
	GlobalSection(SolutionProperties) = preSolution
		HideSolutionNode = FALSE
	EndGlobalSection
	GlobalSection(ExtensibilityGlobals) = postSolution
		SolutionGuid = {2E241AE1-4ED3-44BD-8231-E3D505C1DF6D}
	EndGlobalSection
EndGlobal
